<?xml version="1.0" encoding="utf-8"?>
<Project ToolsVersion="4.0" xmlns="http://schemas.microsoft.com/developer/msbuild/2003">
  <ItemGroup>
    <Filter Include="Main">
      <UniqueIdentifier>{adf15bfb-7975-463c-82c7-1f0d276c89d8}</UniqueIdentifier>
    </Filter>
  </ItemGroup>
  <ItemGroup>
    <ClCompile Include="main.cpp">
      <Filter>Main</Filter>
    </ClCompile>
  </ItemGroup>
  <ItemGroup>
    <ClInclude Include="Queue.h" />
    <ClInclude Include="Stack.h" />
    <ClInclude Include="List.h" />
    <ClInclude Include="Node.h" />
  </ItemGroup>
</Project>