
Microsoft Visual Studio Solution File, Format Version 12.00
# Visual Studio Version 17
VisualStudioVersion = 17.7.34302.85
MinimumVisualStudioVersion = 10.0.40219.1
Project("{8BC9CEB8-8B4A-11D0-8D11-00A0C91BC942}") = "cpp_app_33", "cpp_app_33\cpp_app_33.vcxproj", "{861443F9-19C1-4CFA-B0DA-5B291C7325FF}"
EndProject
Project("{8BC9CEB8-8B4A-11D0-8D11-00A0C91BC942}") = "UnitTest1", "UnitTest1\UnitTest1.vcxproj", "{9A873C8E-9B4F-48E6-9031-0FC1EA0BD466}"
EndProject
Global
	GlobalSection(SolutionConfigurationPlatforms) = preSolution
		Debug|x64 = Debug|x64
		Debug|x86 = Debug|x86
		Release|x64 = Release|x64
		Release|x86 = Release|x86
	EndGlobalSection
	GlobalSection(ProjectConfigurationPlatforms) = postSolution
		{861443F9-19C1-4CFA-B0DA-5B291C7325FF}.Debug|x64.ActiveCfg = Debug|x64
		{861443F9-19C1-4CFA-B0DA-5B291C7325FF}.Debug|x64.Build.0 = Debug|x64
		{861443F9-19C1-4CFA-B0DA-5B291C7325FF}.Debug|x86.ActiveCfg = Debug|Win32
		{861443F9-19C1-4CFA-B0DA-5B291C7325FF}.Debug|x86.Build.0 = Debug|Win32
		{861443F9-19C1-4CFA-B0DA-5B291C7325FF}.Release|x64.ActiveCfg = Release|x64
		{861443F9-19C1-4CFA-B0DA-5B291C7325FF}.Release|x64.Build.0 = Release|x64
		{861443F9-19C1-4CFA-B0DA-5B291C7325FF}.Release|x86.ActiveCfg = Release|Win32
		{861443F9-19C1-4CFA-B0DA-5B291C7325FF}.Release|x86.Build.0 = Release|Win32
		{9A873C8E-9B4F-48E6-9031-0FC1EA0BD466}.Debug|x64.ActiveCfg = Debug|x64
		{9A873C8E-9B4F-48E6-9031-0FC1EA0BD466}.Debug|x64.Build.0 = Debug|x64
		{9A873C8E-9B4F-48E6-9031-0FC1EA0BD466}.Debug|x86.ActiveCfg = Debug|Win32
		{9A873C8E-9B4F-48E6-9031-0FC1EA0BD466}.Debug|x86.Build.0 = Debug|Win32
		{9A873C8E-9B4F-48E6-9031-0FC1EA0BD466}.Release|x64.ActiveCfg = Release|x64
		{9A873C8E-9B4F-48E6-9031-0FC1EA0BD466}.Release|x64.Build.0 = Release|x64
		{9A873C8E-9B4F-48E6-9031-0FC1EA0BD466}.Release|x86.ActiveCfg = Release|Win32
		{9A873C8E-9B4F-48E6-9031-0FC1EA0BD466}.Release|x86.Build.0 = Release|Win32
	EndGlobalSection
	GlobalSection(SolutionProperties) = preSolution
		HideSolutionNode = FALSE
	EndGlobalSection
	GlobalSection(ExtensibilityGlobals) = postSolution
		SolutionGuid = {7D5A80DC-84FC-4C0C-A442-3EE912DE0AC0}
	EndGlobalSection
EndGlobal
